
Microsoft Visual Studio Solution File, Format Version 12.00
# Visual Studio 15
VisualStudioVersion = 15.0.28307.1585
MinimumVisualStudioVersion = 10.0.40219.1
Project("{FAE04EC0-301F-11D3-BF4B-00C04F79EFBC}") = "E3-G4", "E3-G4\E3-G4.csproj", "{FC6680B7-505E-4689-B09A-39E6BC1739C6}"
EndProject
Global
	GlobalSection(SolutionConfigurationPlatforms) = preSolution
		Debug|Any CPU = Debug|Any CPU
		Release|Any CPU = Release|Any CPU
	EndGlobalSection
	GlobalSection(ProjectConfigurationPlatforms) = postSolution
		{FC6680B7-505E-4689-B09A-39E6BC1739C6}.Debug|Any CPU.ActiveCfg = Debug|Any CPU
		{FC6680B7-505E-4689-B09A-39E6BC1739C6}.Debug|Any CPU.Build.0 = Debug|Any CPU
		{FC6680B7-505E-4689-B09A-39E6BC1739C6}.Release|Any CPU.ActiveCfg = Release|Any CPU
		{FC6680B7-505E-4689-B09A-39E6BC1739C6}.Release|Any CPU.Build.0 = Release|Any CPU
	EndGlobalSection
	GlobalSection(SolutionProperties) = preSolution
		HideSolutionNode = FALSE
	EndGlobalSection
	GlobalSection(ExtensibilityGlobals) = postSolution
		SolutionGuid = {8A591DCC-FFA9-4FC8-8991-7EE9860A25F4}
	EndGlobalSection
EndGlobal
